
Microsoft Visual Studio Solution File, Format Version 12.00
# Visual Studio Version 17
VisualStudioVersion = 17.4.33110.190
MinimumVisualStudioVersion = 10.0.40219.1
Project("{FAE04EC0-301F-11D3-BF4B-00C04F79EFBC}") = "SwapNum", "SwapNum.csproj", "{992C1BC5-6A75-435C-8F06-D6D67BFD97AA}"
EndProject
Global
	GlobalSection(SolutionConfigurationPlatforms) = preSolution
		Debug|Any CPU = Debug|Any CPU
		Release|Any CPU = Release|Any CPU
	EndGlobalSection
	GlobalSection(ProjectConfigurationPlatforms) = postSolution
		{992C1BC5-6A75-435C-8F06-D6D67BFD97AA}.Debug|Any CPU.ActiveCfg = Debug|Any CPU
		{992C1BC5-6A75-435C-8F06-D6D67BFD97AA}.Debug|Any CPU.Build.0 = Debug|Any CPU
		{992C1BC5-6A75-435C-8F06-D6D67BFD97AA}.Release|Any CPU.ActiveCfg = Release|Any CPU
		{992C1BC5-6A75-435C-8F06-D6D67BFD97AA}.Release|Any CPU.Build.0 = Release|Any CPU
	EndGlobalSection
	GlobalSection(SolutionProperties) = preSolution
		HideSolutionNode = FALSE
	EndGlobalSection
	GlobalSection(ExtensibilityGlobals) = postSolution
		SolutionGuid = {CC86E8BA-CD91-4C2A-910A-CAEFDB43B217}
	EndGlobalSection
EndGlobal
